
Microsoft Visual Studio Solution File, Format Version 12.00
# Visual Studio Version 17
VisualStudioVersion = 17.4.33213.308
MinimumVisualStudioVersion = 10.0.40219.1
Project("{FAE04EC0-301F-11D3-BF4B-00C04F79EFBC}") = "Project", "Project.csproj", "{B5285F64-E8D9-4EF4-A571-BB3D68D1E15B}"
EndProject
Global
	GlobalSection(SolutionConfigurationPlatforms) = preSolution
		Debug|Any CPU = Debug|Any CPU
		Release|Any CPU = Release|Any CPU
	EndGlobalSection
	GlobalSection(ProjectConfigurationPlatforms) = postSolution
		{B5285F64-E8D9-4EF4-A571-BB3D68D1E15B}.Debug|Any CPU.ActiveCfg = Debug|Any CPU
		{B5285F64-E8D9-4EF4-A571-BB3D68D1E15B}.Debug|Any CPU.Build.0 = Debug|Any CPU
		{B5285F64-E8D9-4EF4-A571-BB3D68D1E15B}.Release|Any CPU.ActiveCfg = Release|Any CPU
		{B5285F64-E8D9-4EF4-A571-BB3D68D1E15B}.Release|Any CPU.Build.0 = Release|Any CPU
	EndGlobalSection
	GlobalSection(SolutionProperties) = preSolution
		HideSolutionNode = FALSE
	EndGlobalSection
	GlobalSection(ExtensibilityGlobals) = postSolution
		SolutionGuid = {2E3BF9B1-958D-42F3-B8B3-699B84135012}
	EndGlobalSection
EndGlobal
